{
  "nodes": {
    "disko": {
      "inputs": {
        "nixpkgs": [
          "nixpkgs"
        ]
      },
      "locked": {
        "lastModified": 1747742835,
        "narHash": "sha256-kYL4GCwwznsypvsnA20oyvW8zB/Dvn6K5G/tgMjVMT4=",
        "ref": "refs/heads/master",
        "rev": "df522e787fdffc4f32ed3e1fca9ed0968a384d62",
        "shallow": true,
        "type": "git",
        "url": "https://github.com/nix-community/disko"
      },
      "original": {
        "shallow": true,
        "type": "git",
        "url": "https://github.com/nix-community/disko"
      }
    },
    "emacs-overlay": {
      "inputs": {
        "nixpkgs": [
          "nixpkgs"
        ],
        "nixpkgs-stable": [
          "nixpkgs-stable"
        ]
      },
      "locked": {
        "lastModified": 1748139784,
        "narHash": "sha256-GTSHzIT0UKa0DCoFHGb6HtmZA+21D827VSzL3lqWuJY=",
        "ref": "refs/heads/master",
        "rev": "c1fdaae5c4c397b66fc63c683945c5c272aef1b4",
        "shallow": true,
        "type": "git",
        "url": "https://github.com/nix-community/emacs-overlay"
      },
      "original": {
        "shallow": true,
        "type": "git",
        "url": "https://github.com/nix-community/emacs-overlay"
      }
    },
    "firefox-addons": {
      "inputs": {
        "nixpkgs": [
          "nixpkgs"
        ]
      },
      "locked": {
        "dir": "pkgs/firefox-addons",
        "lastModified": 1748145810,
        "narHash": "sha256-qbaFOUUSLO7b8DY5Ud36FxkY0zhf7lCsy6ebmBk/JJw=",
        "ref": "refs/heads/master",
        "rev": "786761350d9c87b4ed1d4f5f7e861d88848ef15c",
        "shallow": true,
        "type": "git",
        "url": "https://gitlab.com/rycee/nur-expressions"
      },
      "original": {
        "dir": "pkgs/firefox-addons",
        "shallow": true,
        "type": "git",
        "url": "https://gitlab.com/rycee/nur-expressions"
      }
    },
    "flake-compat": {
      "flake": false,
      "locked": {
        "lastModified": 1747046372,
        "narHash": "sha256-CIVLLkVgvHYbgI2UpXvIIBJ12HWgX+fjA8Xf8PUmqCY=",
        "ref": "refs/heads/master",
        "rev": "9100a0f413b0c601e0533d1d94ffd501ce2e7885",
        "shallow": true,
        "type": "git",
        "url": "https://github.com/edolstra/flake-compat"
      },
      "original": {
        "shallow": true,
        "type": "git",
        "url": "https://github.com/edolstra/flake-compat"
      }
    },
    "flake-utils": {
      "inputs": {
        "systems": "systems"
      },
      "locked": {
        "lastModified": 1731533236,
        "narHash": "sha256-l0KFg5HjrsfsO/JpG+r7fRrqm12kzFHyUHqHCVpMMbI=",
        "ref": "refs/heads/main",
        "rev": "11707dc2f618dd54ca8739b309ec4fc024de578b",
        "shallow": true,
        "type": "git",
        "url": "https://github.com/numtide/flake-utils"
      },
      "original": {
        "shallow": true,
        "type": "git",
        "url": "https://github.com/numtide/flake-utils"
      }
    },
    "gitignore": {
      "inputs": {
        "nixpkgs": [
          "pre-commit-hooks",
          "nixpkgs"
        ]
      },
      "locked": {
        "lastModified": 1709087332,
        "narHash": "sha256-HG2cCnktfHsKV0s4XW83gU3F57gaTljL9KNSuG6bnQs=",
        "owner": "hercules-ci",
        "repo": "gitignore.nix",
        "rev": "637db329424fd7e46cf4185293b9cc8c88c95394",
        "type": "github"
      },
      "original": {
        "owner": "hercules-ci",
        "repo": "gitignore.nix",
        "type": "github"
      }
    },
    "home-manager": {
      "inputs": {
        "nixpkgs": [
          "nixpkgs"
        ]
      },
      "locked": {
        "lastModified": 1747556831,
        "narHash": "sha256-Qb84nbYFFk0DzFeqVoHltS2RodAYY5/HZQKE8WnBDsc=",
        "ref": "release-25.05",
        "rev": "d0bbd221482c2713cccb80220f3c9d16a6e20a33",
        "shallow": true,
        "type": "git",
        "url": "https://github.com/nix-community/home-manager/"
      },
      "original": {
        "ref": "release-25.05",
        "shallow": true,
        "type": "git",
        "url": "https://github.com/nix-community/home-manager/"
      }
    },
    "hosts": {
      "inputs": {
        "nixpkgs": [
          "nixpkgs"
        ]
      },
      "locked": {
        "lastModified": 1747792192,
        "narHash": "sha256-wNN1sVSJbT2Q/6sQh9rAs6iY9Xqw+UdZF1aCLdLJKik=",
        "ref": "refs/heads/master",
        "rev": "dbdcb032706dfe548745266218501afa93c14ad5",
        "shallow": true,
        "type": "git",
        "url": "https://github.com/StevenBlack/hosts"
      },
      "original": {
        "shallow": true,
        "type": "git",
        "url": "https://github.com/StevenBlack/hosts"
      }
    },
    "impermanence": {
      "locked": {
        "lastModified": 1737831083,
        "narHash": "sha256-LJggUHbpyeDvNagTUrdhe/pRVp4pnS6wVKALS782gRI=",
        "ref": "refs/heads/master",
        "rev": "4b3e914cdf97a5b536a889e939fb2fd2b043a170",
        "shallow": true,
        "type": "git",
        "url": "https://github.com/nix-community/impermanence"
      },
      "original": {
        "shallow": true,
        "type": "git",
        "url": "https://github.com/nix-community/impermanence"
      }
    },
    "nix-index-database": {
      "inputs": {
        "nixpkgs": [
          "nixpkgs"
        ]
      },
      "locked": {
        "lastModified": 1747540584,
        "narHash": "sha256-cxCQ413JTUuRv9Ygd8DABJ1D6kuB/nTfQqC0Lu9C0ls=",
        "ref": "refs/heads/main",
        "rev": "ec179dd13fb7b4c6844f55be91436f7857226dce",
        "shallow": true,
        "type": "git",
        "url": "https://github.com/nix-community/nix-index-database"
      },
      "original": {
        "shallow": true,
        "type": "git",
        "url": "https://github.com/nix-community/nix-index-database"
      }
    },
    "nixlib": {
      "locked": {
        "lastModified": 1736643958,
        "narHash": "sha256-tmpqTSWVRJVhpvfSN9KXBvKEXplrwKnSZNAoNPf/S/s=",
        "owner": "nix-community",
        "repo": "nixpkgs.lib",
        "rev": "1418bc28a52126761c02dd3d89b2d8ca0f521181",
        "type": "github"
      },
      "original": {
        "owner": "nix-community",
        "repo": "nixpkgs.lib",
        "type": "github"
      }
    },
    "nixos-generators": {
      "inputs": {
        "nixlib": "nixlib",
        "nixpkgs": [
          "nixpkgs"
        ]
      },
      "locked": {
        "lastModified": 1747663185,
        "narHash": "sha256-Obh50J+O9jhUM/FgXtI3he/QRNiV9+J53+l+RlKSaAk=",
        "ref": "refs/heads/master",
        "rev": "ee07ba0d36c38e9915c55d2ac5a8fb0f05f2afcc",
        "shallow": true,
        "type": "git",
        "url": "https://github.com/nix-community/nixos-generators"
      },
      "original": {
        "shallow": true,
        "type": "git",
        "url": "https://github.com/nix-community/nixos-generators"
      }
    },
    "nixpkgs": {
      "locked": {
        "lastModified": 1747953325,
        "narHash": "sha256-y2ZtlIlNTuVJUZCqzZAhIw5rrKP4DOSklev6c8PyCkQ=",
        "ref": "nixos-25.05",
        "rev": "55d1f923c480dadce40f5231feb472e81b0bab48",
        "shallow": true,
        "type": "git",
        "url": "https://github.com/NixOS/nixpkgs"
      },
      "original": {
        "ref": "nixos-25.05",
        "shallow": true,
        "type": "git",
        "url": "https://github.com/NixOS/nixpkgs"
      }
    },
    "nixpkgs-stable": {
      "locked": {
        "lastModified": 1747953325,
        "narHash": "sha256-y2ZtlIlNTuVJUZCqzZAhIw5rrKP4DOSklev6c8PyCkQ=",
        "ref": "nixos-25.05",
        "rev": "55d1f923c480dadce40f5231feb472e81b0bab48",
        "shallow": true,
        "type": "git",
        "url": "https://github.com/NixOS/nixpkgs"
      },
      "original": {
        "ref": "nixos-25.05",
        "shallow": true,
        "type": "git",
        "url": "https://github.com/NixOS/nixpkgs"
      }
    },
    "pre-commit-hooks": {
      "inputs": {
        "flake-compat": [
          "flake-compat"
        ],
        "gitignore": "gitignore",
        "nixpkgs": [
          "nixpkgs"
        ]
      },
      "locked": {
        "lastModified": 1747372754,
        "narHash": "sha256-2Y53NGIX2vxfie1rOW0Qb86vjRZ7ngizoo+bnXU9D9k=",
        "ref": "refs/heads/master",
        "rev": "80479b6ec16fefd9c1db3ea13aeb038c60530f46",
        "shallow": true,
        "type": "git",
        "url": "https://github.com/cachix/git-hooks.nix"
      },
      "original": {
        "shallow": true,
        "type": "git",
        "url": "https://github.com/cachix/git-hooks.nix"
      }
    },
    "root": {
      "inputs": {
        "disko": "disko",
        "emacs-overlay": "emacs-overlay",
        "firefox-addons": "firefox-addons",
        "flake-compat": "flake-compat",
        "flake-utils": "flake-utils",
        "home-manager": "home-manager",
        "hosts": "hosts",
        "impermanence": "impermanence",
        "nix-index-database": "nix-index-database",
        "nixos-generators": "nixos-generators",
        "nixpkgs": "nixpkgs",
        "nixpkgs-stable": "nixpkgs-stable",
        "pre-commit-hooks": "pre-commit-hooks"
      }
    },
    "systems": {
      "locked": {
        "lastModified": 1681028828,
        "narHash": "sha256-Vy1rq5AaRuLzOxct8nz4T6wlgyUR7zLU309k9mBC768=",
        "owner": "nix-systems",
        "repo": "default",
        "rev": "da67096a3b9bf56a91d16901293e51ba5b49a27e",
        "type": "github"
      },
      "original": {
        "owner": "nix-systems",
        "repo": "default",
        "type": "github"
      }
    }
  },
  "root": "root",
  "version": 7
}
