{
  "nodes": {
    "disko": {
      "inputs": {
        "nixpkgs": [
          "ryzst",
          "nixpkgs"
        ]
      },
      "locked": {
        "lastModified": 1755519972,
        "narHash": "sha256-bU4nqi3IpsUZJeyS8Jk85ytlX61i4b0KCxXX9YcOgVc=",
        "ref": "refs/heads/master",
        "rev": "4073ff2f481f9ef3501678ff479ed81402caae6d",
        "shallow": true,
        "type": "git",
        "url": "https://github.com/nix-community/disko"
      },
      "original": {
        "shallow": true,
        "type": "git",
        "url": "https://github.com/nix-community/disko"
      }
    },
    "emacs-overlay": {
      "inputs": {
        "nixpkgs": [
          "ryzst",
          "nixpkgs"
        ],
        "nixpkgs-stable": [
          "ryzst",
          "nixpkgs"
        ]
      },
      "locked": {
        "lastModified": 1756056090,
        "narHash": "sha256-mMO3gSmZERFwUJqcooTBY6mU9r/Eds5lqxyfT+f6bW8=",
        "ref": "refs/heads/master",
        "rev": "45149a7a11823b8e730802f514c0399fdab5e32d",
        "shallow": true,
        "type": "git",
        "url": "https://github.com/nix-community/emacs-overlay"
      },
      "original": {
        "shallow": true,
        "type": "git",
        "url": "https://github.com/nix-community/emacs-overlay"
      }
    },
    "firefox-addons": {
      "inputs": {
        "nixpkgs": [
          "ryzst",
          "nixpkgs"
        ]
      },
      "locked": {
        "dir": "pkgs/firefox-addons",
        "lastModified": 1756008219,
        "narHash": "sha256-r5n8O8luhLd/Oz+O2FBWG9lZwtn+qRYzI1idi+zpflk=",
        "ref": "refs/heads/master",
        "rev": "b89c9248de0b09addc7a310e0339521bdca2db82",
        "shallow": true,
        "type": "git",
        "url": "https://gitlab.com/rycee/nur-expressions"
      },
      "original": {
        "dir": "pkgs/firefox-addons",
        "shallow": true,
        "type": "git",
        "url": "https://gitlab.com/rycee/nur-expressions"
      }
    },
    "flake-compat": {
      "flake": false,
      "locked": {
        "lastModified": 1747046372,
        "narHash": "sha256-CIVLLkVgvHYbgI2UpXvIIBJ12HWgX+fjA8Xf8PUmqCY=",
        "ref": "refs/heads/master",
        "rev": "9100a0f413b0c601e0533d1d94ffd501ce2e7885",
        "shallow": true,
        "type": "git",
        "url": "https://github.com/edolstra/flake-compat"
      },
      "original": {
        "shallow": true,
        "type": "git",
        "url": "https://github.com/edolstra/flake-compat"
      }
    },
    "gitignore": {
      "inputs": {
        "nixpkgs": [
          "ryzst",
          "nixpkgs"
        ]
      },
      "locked": {
        "lastModified": 1709087332,
        "narHash": "sha256-HG2cCnktfHsKV0s4XW83gU3F57gaTljL9KNSuG6bnQs=",
        "ref": "refs/heads/master",
        "rev": "637db329424fd7e46cf4185293b9cc8c88c95394",
        "shallow": true,
        "type": "git",
        "url": "https://github.com/hercules-ci/gitignore.nix"
      },
      "original": {
        "shallow": true,
        "type": "git",
        "url": "https://github.com/hercules-ci/gitignore.nix"
      }
    },
    "home-manager": {
      "inputs": {
        "nixpkgs": [
          "ryzst",
          "nixpkgs"
        ]
      },
      "locked": {
        "lastModified": 1753592768,
        "narHash": "sha256-oV695RvbAE4+R9pcsT9shmp6zE/+IZe6evHWX63f2Qg=",
        "ref": "release-25.05",
        "rev": "fc3add429f21450359369af74c2375cb34a2d204",
        "shallow": true,
        "type": "git",
        "url": "https://github.com/nix-community/home-manager/"
      },
      "original": {
        "ref": "release-25.05",
        "shallow": true,
        "type": "git",
        "url": "https://github.com/nix-community/home-manager/"
      }
    },
    "hosts": {
      "inputs": {
        "nixpkgs": [
          "ryzst",
          "nixpkgs"
        ]
      },
      "locked": {
        "lastModified": 1756051903,
        "narHash": "sha256-XSAqsBEKtlt9yVBNnZZf/XC28Hder0nIWy7773y4/dM=",
        "ref": "refs/heads/master",
        "rev": "64ee012b7ec917fcf654e45d3442a9bf53901410",
        "shallow": true,
        "type": "git",
        "url": "https://github.com/StevenBlack/hosts"
      },
      "original": {
        "shallow": true,
        "type": "git",
        "url": "https://github.com/StevenBlack/hosts"
      }
    },
    "nix-index-database": {
      "inputs": {
        "nixpkgs": [
          "ryzst",
          "nixpkgs"
        ]
      },
      "locked": {
        "lastModified": 1756008611,
        "narHash": "sha256-rfTBWuTXi9/X7GhtF562FKNXKh2kvKb6dwI5lV1SjPE=",
        "ref": "refs/heads/main",
        "rev": "52dec1cb33a614accb9e01307e17816be974d24d",
        "shallow": true,
        "type": "git",
        "url": "https://github.com/nix-community/nix-index-database"
      },
      "original": {
        "shallow": true,
        "type": "git",
        "url": "https://github.com/nix-community/nix-index-database"
      }
    },
    "nixpkgs": {
      "locked": {
        "lastModified": 1755922037,
        "narHash": "sha256-wY1+2JPH0ZZC4BQefoZw/k+3+DowFyfOxv17CN/idKs=",
        "ref": "nixos-25.05",
        "rev": "b1b3291469652d5a2edb0becc4ef0246fff97a7c",
        "shallow": true,
        "type": "git",
        "url": "https://github.com/NixOS/nixpkgs"
      },
      "original": {
        "ref": "nixos-25.05",
        "shallow": true,
        "type": "git",
        "url": "https://github.com/NixOS/nixpkgs"
      }
    },
    "pre-commit-hooks": {
      "inputs": {
        "flake-compat": [
          "flake-compat"
        ],
        "gitignore": [
          "gitignore"
        ],
        "nixpkgs": [
          "ryzst",
          "nixpkgs"
        ]
      },
      "locked": {
        "lastModified": 1750779888,
        "narHash": "sha256-wibppH3g/E2lxU43ZQHC5yA/7kIKLGxVEnsnVK1BtRg=",
        "ref": "refs/heads/master",
        "rev": "16ec914f6fb6f599ce988427d9d94efddf25fe6d",
        "shallow": true,
        "type": "git",
        "url": "https://github.com/cachix/git-hooks.nix"
      },
      "original": {
        "shallow": true,
        "type": "git",
        "url": "https://github.com/cachix/git-hooks.nix"
      }
    },
    "root": {
      "inputs": {
        "flake-compat": "flake-compat",
        "gitignore": "gitignore",
        "pre-commit-hooks": "pre-commit-hooks",
        "ryzst": "ryzst"
      }
    },
    "ryzst": {
      "inputs": {
        "disko": "disko",
        "emacs-overlay": "emacs-overlay",
        "firefox-addons": "firefox-addons",
        "home-manager": "home-manager",
        "hosts": "hosts",
        "nix-index-database": "nix-index-database",
        "nixpkgs": "nixpkgs"
      },
      "locked": {
        "path": "../",
        "type": "path"
      },
      "original": {
        "path": "../",
        "type": "path"
      },
      "parent": []
    }
  },
  "root": "root",
  "version": 7
}
