{
  "nodes": {
    "disko": {
      "inputs": {
        "nixpkgs": [
          "ryzst",
          "nixpkgs"
        ]
      },
      "locked": {
        "lastModified": 1752113600,
        "narHash": "sha256-7LYDxKxZgBQ8LZUuolAQ8UkIB+jb4A2UmiR+kzY9CLI=",
        "ref": "refs/heads/master",
        "rev": "79264292b7e3482e5702932949de9cbb69fedf6d",
        "shallow": true,
        "type": "git",
        "url": "https://github.com/nix-community/disko"
      },
      "original": {
        "shallow": true,
        "type": "git",
        "url": "https://github.com/nix-community/disko"
      }
    },
    "emacs-overlay": {
      "inputs": {
        "nixpkgs": [
          "ryzst",
          "nixpkgs"
        ],
        "nixpkgs-stable": [
          "ryzst",
          "nixpkgs"
        ]
      },
      "locked": {
        "lastModified": 1752374057,
        "narHash": "sha256-naxrfzNidJM9wKbc+qj4+2rosbgncv/QlWS9HMKg7Qg=",
        "ref": "refs/heads/master",
        "rev": "73aafa5b5340b54120688c9ad01bebfb0631107e",
        "shallow": true,
        "type": "git",
        "url": "https://github.com/nix-community/emacs-overlay"
      },
      "original": {
        "shallow": true,
        "type": "git",
        "url": "https://github.com/nix-community/emacs-overlay"
      }
    },
    "firefox-addons": {
      "inputs": {
        "nixpkgs": [
          "ryzst",
          "nixpkgs"
        ]
      },
      "locked": {
        "dir": "pkgs/firefox-addons",
        "lastModified": 1752379414,
        "narHash": "sha256-0R3slhrjrnzyxR/fAYy5UliZvSgaVS38YCESBdH5RJw=",
        "ref": "refs/heads/master",
        "rev": "51e77bb95540b7dd6c60f8fd65a0c472a2c9c3b7",
        "shallow": true,
        "type": "git",
        "url": "https://gitlab.com/rycee/nur-expressions"
      },
      "original": {
        "dir": "pkgs/firefox-addons",
        "shallow": true,
        "type": "git",
        "url": "https://gitlab.com/rycee/nur-expressions"
      }
    },
    "flake-compat": {
      "flake": false,
      "locked": {
        "lastModified": 1747046372,
        "narHash": "sha256-CIVLLkVgvHYbgI2UpXvIIBJ12HWgX+fjA8Xf8PUmqCY=",
        "ref": "refs/heads/master",
        "rev": "9100a0f413b0c601e0533d1d94ffd501ce2e7885",
        "shallow": true,
        "type": "git",
        "url": "https://github.com/edolstra/flake-compat"
      },
      "original": {
        "shallow": true,
        "type": "git",
        "url": "https://github.com/edolstra/flake-compat"
      }
    },
    "gitignore": {
      "inputs": {
        "nixpkgs": [
          "ryzst",
          "nixpkgs"
        ]
      },
      "locked": {
        "lastModified": 1709087332,
        "narHash": "sha256-HG2cCnktfHsKV0s4XW83gU3F57gaTljL9KNSuG6bnQs=",
        "ref": "refs/heads/master",
        "rev": "637db329424fd7e46cf4185293b9cc8c88c95394",
        "shallow": true,
        "type": "git",
        "url": "https://github.com/hercules-ci/gitignore.nix"
      },
      "original": {
        "shallow": true,
        "type": "git",
        "url": "https://github.com/hercules-ci/gitignore.nix"
      }
    },
    "home-manager": {
      "inputs": {
        "nixpkgs": [
          "ryzst",
          "nixpkgs"
        ]
      },
      "locked": {
        "lastModified": 1752391422,
        "narHash": "sha256-ReX0NG6nIAEtQQjLqeu1vUU2jjZuMlpymNtb4VQYeus=",
        "ref": "release-25.05",
        "rev": "c26266790678863cce8e7460fdbf0d80991b1906",
        "shallow": true,
        "type": "git",
        "url": "https://github.com/nix-community/home-manager/"
      },
      "original": {
        "ref": "release-25.05",
        "shallow": true,
        "type": "git",
        "url": "https://github.com/nix-community/home-manager/"
      }
    },
    "hosts": {
      "inputs": {
        "nixpkgs": [
          "ryzst",
          "nixpkgs"
        ]
      },
      "locked": {
        "lastModified": 1752375768,
        "narHash": "sha256-PZCeRrbCWwfftd0tsgLD2rLUvkUUxiYQEdJ+QekceEw=",
        "ref": "refs/heads/master",
        "rev": "175f5cbef57135795a08e342e43a6a6e82e9fd2e",
        "shallow": true,
        "type": "git",
        "url": "https://github.com/StevenBlack/hosts"
      },
      "original": {
        "shallow": true,
        "type": "git",
        "url": "https://github.com/StevenBlack/hosts"
      }
    },
    "nix-index-database": {
      "inputs": {
        "nixpkgs": [
          "ryzst",
          "nixpkgs"
        ]
      },
      "locked": {
        "lastModified": 1750565152,
        "narHash": "sha256-A6ZIoIgaPPkzIVxKuaxwEJicPOeTwC/MD9iuC3FVhDM=",
        "ref": "refs/heads/main",
        "rev": "78cd697acc2e492b4e92822a4913ffad279c20e6",
        "shallow": true,
        "type": "git",
        "url": "https://github.com/nix-community/nix-index-database"
      },
      "original": {
        "shallow": true,
        "type": "git",
        "url": "https://github.com/nix-community/nix-index-database"
      }
    },
    "nixpkgs": {
      "locked": {
        "lastModified": 1752162966,
        "narHash": "sha256-3MxxkU8ZXMHXcbFz7UE4M6qnIPTYGcE/7EMqlZNnVDE=",
        "ref": "nixos-25.05",
        "rev": "10e687235226880ed5e9f33f1ffa71fe60f2638a",
        "shallow": true,
        "type": "git",
        "url": "https://github.com/NixOS/nixpkgs"
      },
      "original": {
        "ref": "nixos-25.05",
        "shallow": true,
        "type": "git",
        "url": "https://github.com/NixOS/nixpkgs"
      }
    },
    "pre-commit-hooks": {
      "inputs": {
        "flake-compat": [
          "flake-compat"
        ],
        "gitignore": [
          "gitignore"
        ],
        "nixpkgs": [
          "ryzst",
          "nixpkgs"
        ]
      },
      "locked": {
        "lastModified": 1750779888,
        "narHash": "sha256-wibppH3g/E2lxU43ZQHC5yA/7kIKLGxVEnsnVK1BtRg=",
        "ref": "refs/heads/master",
        "rev": "16ec914f6fb6f599ce988427d9d94efddf25fe6d",
        "shallow": true,
        "type": "git",
        "url": "https://github.com/cachix/git-hooks.nix"
      },
      "original": {
        "shallow": true,
        "type": "git",
        "url": "https://github.com/cachix/git-hooks.nix"
      }
    },
    "root": {
      "inputs": {
        "flake-compat": "flake-compat",
        "gitignore": "gitignore",
        "pre-commit-hooks": "pre-commit-hooks",
        "ryzst": "ryzst"
      }
    },
    "ryzst": {
      "inputs": {
        "disko": "disko",
        "emacs-overlay": "emacs-overlay",
        "firefox-addons": "firefox-addons",
        "home-manager": "home-manager",
        "hosts": "hosts",
        "nix-index-database": "nix-index-database",
        "nixpkgs": "nixpkgs"
      },
      "locked": {
        "path": "../",
        "type": "path"
      },
      "original": {
        "path": "../",
        "type": "path"
      },
      "parent": []
    }
  },
  "root": "root",
  "version": 7
}
