{
  "nodes": {
    "disko": {
      "inputs": {
        "nixpkgs": [
          "ryzst",
          "nixpkgs"
        ]
      },
      "locked": {
        "lastModified": 1750040002,
        "narHash": "sha256-KrC9iOVYIn6ukpVlHbqSA4hYCZ6oDyJKrcLqv4c5v84=",
        "ref": "refs/heads/master",
        "rev": "7f1857b31522062a6a00f88cbccf86b43acceed1",
        "shallow": true,
        "type": "git",
        "url": "https://github.com/nix-community/disko"
      },
      "original": {
        "shallow": true,
        "type": "git",
        "url": "https://github.com/nix-community/disko"
      }
    },
    "emacs-overlay": {
      "inputs": {
        "nixpkgs": [
          "ryzst",
          "nixpkgs"
        ],
        "nixpkgs-stable": [
          "ryzst",
          "nixpkgs-stable"
        ]
      },
      "locked": {
        "lastModified": 1750580687,
        "narHash": "sha256-W/MkTnW4WPIFQLm1sEf9qnAWu98F32tCjUEhyu+9GeU=",
        "ref": "refs/heads/master",
        "rev": "eb94726c3ee0a32c931669a506536ee1367a0ae1",
        "shallow": true,
        "type": "git",
        "url": "https://github.com/nix-community/emacs-overlay"
      },
      "original": {
        "shallow": true,
        "type": "git",
        "url": "https://github.com/nix-community/emacs-overlay"
      }
    },
    "firefox-addons": {
      "inputs": {
        "nixpkgs": [
          "ryzst",
          "nixpkgs"
        ]
      },
      "locked": {
        "dir": "pkgs/firefox-addons",
        "lastModified": 1750565010,
        "narHash": "sha256-eetTl1TpPoD5W52RX02Lo8SLQdVcU2m7usCSh5VhnwE=",
        "ref": "refs/heads/master",
        "rev": "a24c53d008d362cfd5a96270b2bb331e26902af5",
        "shallow": true,
        "type": "git",
        "url": "https://gitlab.com/rycee/nur-expressions"
      },
      "original": {
        "dir": "pkgs/firefox-addons",
        "shallow": true,
        "type": "git",
        "url": "https://gitlab.com/rycee/nur-expressions"
      }
    },
    "flake-compat": {
      "flake": false,
      "locked": {
        "lastModified": 1747046372,
        "narHash": "sha256-CIVLLkVgvHYbgI2UpXvIIBJ12HWgX+fjA8Xf8PUmqCY=",
        "ref": "refs/heads/master",
        "rev": "9100a0f413b0c601e0533d1d94ffd501ce2e7885",
        "shallow": true,
        "type": "git",
        "url": "https://github.com/edolstra/flake-compat"
      },
      "original": {
        "shallow": true,
        "type": "git",
        "url": "https://github.com/edolstra/flake-compat"
      }
    },
    "gitignore": {
      "inputs": {
        "nixpkgs": [
          "ryzst",
          "nixpkgs"
        ]
      },
      "locked": {
        "lastModified": 1709087332,
        "narHash": "sha256-HG2cCnktfHsKV0s4XW83gU3F57gaTljL9KNSuG6bnQs=",
        "ref": "refs/heads/master",
        "rev": "637db329424fd7e46cf4185293b9cc8c88c95394",
        "shallow": true,
        "type": "git",
        "url": "https://github.com/hercules-ci/gitignore.nix"
      },
      "original": {
        "shallow": true,
        "type": "git",
        "url": "https://github.com/hercules-ci/gitignore.nix"
      }
    },
    "home-manager": {
      "inputs": {
        "nixpkgs": [
          "ryzst",
          "nixpkgs"
        ]
      },
      "locked": {
        "lastModified": 1749154018,
        "narHash": "sha256-gjN3j7joRvT3a8Zgcylnd4NFsnXeDBumqiu4HmY1RIg=",
        "ref": "release-25.05",
        "rev": "7aae0ee71a17b19708b93b3ed448a1a0952bf111",
        "shallow": true,
        "type": "git",
        "url": "https://github.com/nix-community/home-manager/"
      },
      "original": {
        "ref": "release-25.05",
        "shallow": true,
        "type": "git",
        "url": "https://github.com/nix-community/home-manager/"
      }
    },
    "hosts": {
      "inputs": {
        "nixpkgs": [
          "ryzst",
          "nixpkgs"
        ]
      },
      "locked": {
        "lastModified": 1750379523,
        "narHash": "sha256-GMEZVvlZ5170MhRrTt/M/YVrExEzXredXdAiGKoOGaU=",
        "ref": "refs/heads/master",
        "rev": "06a99e9a1184a5d0c595c86c3d750e55f64e6dab",
        "shallow": true,
        "type": "git",
        "url": "https://github.com/StevenBlack/hosts"
      },
      "original": {
        "shallow": true,
        "type": "git",
        "url": "https://github.com/StevenBlack/hosts"
      }
    },
    "impermanence": {
      "locked": {
        "lastModified": 1737831083,
        "narHash": "sha256-LJggUHbpyeDvNagTUrdhe/pRVp4pnS6wVKALS782gRI=",
        "ref": "refs/heads/master",
        "rev": "4b3e914cdf97a5b536a889e939fb2fd2b043a170",
        "shallow": true,
        "type": "git",
        "url": "https://github.com/nix-community/impermanence"
      },
      "original": {
        "shallow": true,
        "type": "git",
        "url": "https://github.com/nix-community/impermanence"
      }
    },
    "nix-index-database": {
      "inputs": {
        "nixpkgs": [
          "ryzst",
          "nixpkgs"
        ]
      },
      "locked": {
        "lastModified": 1750565152,
        "narHash": "sha256-A6ZIoIgaPPkzIVxKuaxwEJicPOeTwC/MD9iuC3FVhDM=",
        "ref": "refs/heads/main",
        "rev": "78cd697acc2e492b4e92822a4913ffad279c20e6",
        "shallow": true,
        "type": "git",
        "url": "https://github.com/nix-community/nix-index-database"
      },
      "original": {
        "shallow": true,
        "type": "git",
        "url": "https://github.com/nix-community/nix-index-database"
      }
    },
    "nixpkgs": {
      "locked": {
        "lastModified": 1750400657,
        "narHash": "sha256-3vkjFnxCOP6vm5Pm13wC/Zy6/VYgei/I/2DWgW4RFeA=",
        "ref": "nixos-25.05",
        "rev": "b2485d56967598da068b5a6946dadda8bfcbcd37",
        "shallow": true,
        "type": "git",
        "url": "https://github.com/NixOS/nixpkgs"
      },
      "original": {
        "ref": "nixos-25.05",
        "shallow": true,
        "type": "git",
        "url": "https://github.com/NixOS/nixpkgs"
      }
    },
    "nixpkgs-stable": {
      "locked": {
        "lastModified": 1750400657,
        "narHash": "sha256-3vkjFnxCOP6vm5Pm13wC/Zy6/VYgei/I/2DWgW4RFeA=",
        "ref": "nixos-25.05",
        "rev": "b2485d56967598da068b5a6946dadda8bfcbcd37",
        "shallow": true,
        "type": "git",
        "url": "https://github.com/NixOS/nixpkgs"
      },
      "original": {
        "ref": "nixos-25.05",
        "shallow": true,
        "type": "git",
        "url": "https://github.com/NixOS/nixpkgs"
      }
    },
    "pre-commit-hooks": {
      "inputs": {
        "flake-compat": [
          "flake-compat"
        ],
        "gitignore": [
          "gitignore"
        ],
        "nixpkgs": [
          "ryzst",
          "nixpkgs"
        ]
      },
      "locked": {
        "lastModified": 1749636823,
        "narHash": "sha256-WUaIlOlPLyPgz9be7fqWJA5iG6rHcGRtLERSCfUDne4=",
        "ref": "refs/heads/master",
        "rev": "623c56286de5a3193aa38891a6991b28f9bab056",
        "shallow": true,
        "type": "git",
        "url": "https://github.com/cachix/git-hooks.nix"
      },
      "original": {
        "shallow": true,
        "type": "git",
        "url": "https://github.com/cachix/git-hooks.nix"
      }
    },
    "root": {
      "inputs": {
        "flake-compat": "flake-compat",
        "gitignore": "gitignore",
        "pre-commit-hooks": "pre-commit-hooks",
        "ryzst": "ryzst"
      }
    },
    "ryzst": {
      "inputs": {
        "disko": "disko",
        "emacs-overlay": "emacs-overlay",
        "firefox-addons": "firefox-addons",
        "home-manager": "home-manager",
        "hosts": "hosts",
        "impermanence": "impermanence",
        "nix-index-database": "nix-index-database",
        "nixpkgs": "nixpkgs",
        "nixpkgs-stable": "nixpkgs-stable"
      },
      "locked": {
        "path": "../",
        "type": "path"
      },
      "original": {
        "path": "../",
        "type": "path"
      },
      "parent": []
    }
  },
  "root": "root",
  "version": 7
}
